<?xml version="1.0" encoding="utf-8"?>
<Project ToolsVersion="12.0" xmlns="http://schemas.microsoft.com/developer/msbuild/2003">
  <ItemGroup>
    <Filter Include="通用">
      <UniqueIdentifier>759211a4-7a51-43a6-9a69-c150785038ce</UniqueIdentifier>
    </Filter>
    <Filter Include="资产">
      <UniqueIdentifier>82a43376-b6fa-440f-9fce-567125f9b222</UniqueIdentifier>
      <Extensions>bmp;fbx;gif;jpg;jpeg;tga;tiff;tif;png</Extensions>
    </Filter>
    <Image Include="Assets\Logo.scale-100.png">
      <Filter>资产</Filter>
    </Image>
    <Image Include="Assets\SmallLogo.scale-100.png">
      <Filter>资产</Filter>
    </Image>
    <Image Include="Assets\StoreLogo.scale-100.png">
      <Filter>资产</Filter>
    </Image>
    <Image Include="Assets\SplashScreen.scale-100.png">
      <Filter>资产</Filter>
    </Image>
  </ItemGroup>
  <ItemGroup>
    <ApplicationDefinition Include="App.xaml" />
  </ItemGroup>
  <ItemGroup>
    <ClCompile Include="App.xaml.cpp" />
    <ClCompile Include="MainPage.xaml.cpp" />
    <ClCompile Include="pch.cpp" />
  </ItemGroup>
  <ItemGroup>
    <ClInclude Include="pch.h" />
    <ClInclude Include="App.xaml.h" />
    <ClInclude Include="MainPage.xaml.h" />
  </ItemGroup>
  <ItemGroup>
    <AppxManifest Include="Package.appxmanifest" />
  </ItemGroup>
  <ItemGroup>
    <None Include="simplest_ffmpeg_winphone_helloworld_TemporaryKey.pfx" />
    <None Include="avcodec-56.dll" />
    <None Include="avdevice-56.dll" />
    <None Include="avfilter-5.dll" />
    <None Include="avformat-56.dll" />
    <None Include="avutil-54.dll" />
    <None Include="swresample-1.dll" />
    <None Include="swscale-3.dll" />
  </ItemGroup>
  <ItemGroup>
    <Page Include="MainPage.xaml" />
  </ItemGroup>
</Project>